
Microsoft Visual Studio Solution File, Format Version 12.00
# Visual Studio Version 17
VisualStudioVersion = 17.0.31903.59
MinimumVisualStudioVersion = 10.0.40219.1
Project("{FAE04EC0-301F-11D3-BF4B-00C04F79EFBC}") = "Demo.Tool.Speak", "tool\Demo.Tool.Speak.csproj", "{09BE3BFD-D092-42CB-ADBB-A3E7CE3E8F7B}"
EndProject
Global
	GlobalSection(SolutionConfigurationPlatforms) = preSolution
		Debug|Any CPU = Debug|Any CPU
		Release|Any CPU = Release|Any CPU
	EndGlobalSection
	GlobalSection(SolutionProperties) = preSolution
		HideSolutionNode = FALSE
	EndGlobalSection
	GlobalSection(ProjectConfigurationPlatforms) = postSolution
		{09BE3BFD-D092-42CB-ADBB-A3E7CE3E8F7B}.Debug|Any CPU.ActiveCfg = Debug|Any CPU
		{09BE3BFD-D092-42CB-ADBB-A3E7CE3E8F7B}.Debug|Any CPU.Build.0 = Debug|Any CPU
		{09BE3BFD-D092-42CB-ADBB-A3E7CE3E8F7B}.Release|Any CPU.ActiveCfg = Release|Any CPU
		{09BE3BFD-D092-42CB-ADBB-A3E7CE3E8F7B}.Release|Any CPU.Build.0 = Release|Any CPU
	EndGlobalSection
EndGlobal
